# THIS IS AN AUTOGENERATED FILE. DO NOT EDIT THIS FILE DIRECTLY.
# yarn lockfile v1


"@types/bluebird@3.5.0":
  version "3.5.0"
  resolved "https://registry.yarnpkg.com/@types/bluebird/-/bluebird-3.5.0.tgz#2633470a4eabe9a47cd9a45fdb20ed5f93407bca"
  integrity sha1-JjNHCk6r6aR82aRf2yDtX5NAe8o=

"@types/lodash@^4.14.55":
  version "4.14.141"
  resolved "https://registry.yarnpkg.com/@types/lodash/-/lodash-4.14.141.tgz#d81f4d0c562abe28713406b571ffb27692a82ae6"
  integrity sha512-v5NYIi9qEbFEUpCyikmnOYe4YlP8BMUdTcNCAquAKzu+FA7rZ1onj9x80mbnDdOW/K5bFf3Tv5kJplP33+gAbQ==

bin-protocol@^3.1.1:
  version "3.1.1"
  resolved "https://registry.yarnpkg.com/bin-protocol/-/bin-protocol-3.1.1.tgz#8c1e59febc789f7eb71b48de8d6354d53ff1c5f1"
  integrity sha512-9vCGfaHC2GBHZwGQdG+DpyXfmLvx9uKtf570wMLwIc9wmTIDgsdCBXQxTZu5X2GyogkfBks2Ode4N0sUVxJ2qQ==
  dependencies:
    lodash "^4.17.11"
    long "^4.0.0"
    protocol-buffers-schema "^3.0.0"

bluebird@^3.3.3:
  version "3.7.0"
  resolved "https://registry.yarnpkg.com/bluebird/-/bluebird-3.7.0.tgz#56a6a886e03f6ae577cffedeb524f8f2450293cf"
  integrity sha512-aBQ1FxIa7kSWCcmKHlcHFlT2jt6J/l4FzC7KcPELkOJOsPOb/bccdhmIrKDfXhwFrmc7vDoDrrepFvGqjyXGJg==

buffer-crc32@^0.2.5:
  version "0.2.13"
  resolved "https://registry.yarnpkg.com/buffer-crc32/-/buffer-crc32-0.2.13.tgz#0d333e3f00eac50aa1454abd30ef8c2a5d9a7242"
  integrity sha1-DTM+PwDqxQqhRUq9MO+MKl2ackI=

connection-parse@0.0.x:
  version "0.0.7"
  resolved "https://registry.yarnpkg.com/connection-parse/-/connection-parse-0.0.7.tgz#18e7318aab06a699267372b10c5226d25a1c9a69"
  integrity sha1-GOcxiqsGppkmc3KxDFIm0locmmk=

hashring@^3.2.0:
  version "3.2.0"
  resolved "https://registry.yarnpkg.com/hashring/-/hashring-3.2.0.tgz#fda4efde8aa22cdb97fb1d2a65e88401e1c144ce"
  integrity sha1-/aTv3oqiLNuX+x0qZeiEAeHBRM4=
  dependencies:
    connection-parse "0.0.x"
    simple-lru-cache "0.0.x"

lodash@=4.17.11:
  version "4.17.11"
  resolved "https://registry.yarnpkg.com/lodash/-/lodash-4.17.11.tgz#b39ea6229ef607ecd89e2c8df12536891cac9b8d"
  integrity sha512-cQKh8igo5QUhZ7lg38DYWAxMvjSAKG0A8wGSVimP07SIUEK2UO+arSRKbRZWtelMtN5V0Hkwh5ryOto/SshYIg==

lodash@^4.17.11, lodash@^4.3.0:
  version "4.17.15"
  resolved "https://registry.yarnpkg.com/lodash/-/lodash-4.17.15.tgz#b447f6670a0455bbfeedd11392eff330ea097548"
  integrity sha512-8xOcRHvCjnocdS5cpwXQXVzmmh5e5+saE2QGoeQmbKmRS6J3VQppPOIt0MnmE+4xlZoumy0GPG0D0MVIQbNA1A==

long@^4.0.0:
  version "4.0.0"
  resolved "https://registry.yarnpkg.com/long/-/long-4.0.0.tgz#9a7b71cfb7d361a194ea555241c92f7468d5bf28"
  integrity sha512-XsP+KhQif4bjX1kbuSiySJFNAehNxgLb6hPRGJ9QsUr8ajHkuXGdrHmFUTUUXhDwVX2R5bY4JNZEwbUiMhV+MA==

murmur-hash-js@^1.0.0:
  version "1.0.0"
  resolved "https://registry.yarnpkg.com/murmur-hash-js/-/murmur-hash-js-1.0.0.tgz#5041049269c96633c866386960b2f4289e75e5b0"
  integrity sha1-UEEEkmnJZjPIZjhpYLL0KJ515bA=

nice-simple-logger@^1.0.1:
  version "1.0.1"
  resolved "https://registry.yarnpkg.com/nice-simple-logger/-/nice-simple-logger-1.0.1.tgz#0f9e648527be7be3e49ab76fa8c8c098af951bf6"
  integrity sha1-D55khSe+e+PkmrdvqMjAmK+VG/Y=
  dependencies:
    lodash "^4.3.0"

no-kafka@^3.4.3:
  version "3.4.3"
  resolved "https://registry.yarnpkg.com/no-kafka/-/no-kafka-3.4.3.tgz#5151513c81085186facbad7a52861caf9a7f2ddf"
  integrity sha512-hYnkg1OWVdaxORdzVvdQ4ueWYpf7IICObPzd24BBiDyVG5219VkUnRxSH9wZmisFb6NpgABzlSIL1pIZaCKmXg==
  dependencies:
    "@types/bluebird" "3.5.0"
    "@types/lodash" "^4.14.55"
    bin-protocol "^3.1.1"
    bluebird "^3.3.3"
    buffer-crc32 "^0.2.5"
    hashring "^3.2.0"
    lodash "=4.17.11"
    murmur-hash-js "^1.0.0"
    nice-simple-logger "^1.0.1"
    wrr-pool "^1.0.3"

protocol-buffers-schema@^3.0.0:
  version "3.3.2"
  resolved "https://registry.yarnpkg.com/protocol-buffers-schema/-/protocol-buffers-schema-3.3.2.tgz#00434f608b4e8df54c59e070efeefc37fb4bb859"
  integrity sha512-Xdayp8sB/mU+sUV4G7ws8xtYMGdQnxbeIfLjyO9TZZRJdztBGhlmbI5x1qcY4TG5hBkIKGnc28i7nXxaugu88w==

simple-lru-cache@0.0.x:
  version "0.0.2"
  resolved "https://registry.yarnpkg.com/simple-lru-cache/-/simple-lru-cache-0.0.2.tgz#d59cc3a193c1a5d0320f84ee732f6e4713e511dd"
  integrity sha1-1ZzDoZPBpdAyD4Tucy9uRxPlEd0=

wrr-pool@^1.0.3:
  version "1.1.4"
  resolved "https://registry.yarnpkg.com/wrr-pool/-/wrr-pool-1.1.4.tgz#ed8a62c38f1585cbbffa25a4d72a100be8f19406"
  integrity sha512-+lEdj42HlYqmzhvkZrx6xEymj0wzPBxqr7U1Xh9IWikMzOge03JSQT9YzTGq54SkOh/noViq32UejADZVzrgAg==
  dependencies:
    lodash "^4.17.11"
